
Microsoft Visual Studio Solution File, Format Version 12.00
# Visual Studio Version 16
VisualStudioVersion = 16.0.30114.105
MinimumVisualStudioVersion = 10.0.40219.1
Project("{9A19103F-16F7-4668-BE54-9A1E7A4F7556}") = "EventBase.Client", "EventBase.Client\EventBase.Client.csproj", "{55C29F78-6C92-4D16-95F7-DCD9C0C70CDD}"
EndProject
Project("{9A19103F-16F7-4668-BE54-9A1E7A4F7556}") = "EventBase.Client.Spec", "EventBase.Client.Spec\EventBase.Client.Spec.csproj", "{147F49A2-C368-4C1C-919E-D64170B9BA97}"
EndProject
Project("{FAE04EC0-301F-11D3-BF4B-00C04F79EFBC}") = "EventBase.Server.Grpc", "EventBase.Server.Grpc\EventBase.Server.Grpc.csproj", "{6AE3AFE5-1AD1-40EF-B24B-40FB5C2543F6}"
EndProject
Project("{FAE04EC0-301F-11D3-BF4B-00C04F79EFBC}") = "EventBase.Server", "EventBase.Server\EventBase.Server.csproj", "{58DD69AF-86E7-4FAA-9172-96418C2687DC}"
EndProject
Project("{FAE04EC0-301F-11D3-BF4B-00C04F79EFBC}") = "EventBase.Server.Grpc.Spec", "EventBase.Server.Grpc.Spec\EventBase.Server.Grpc.Spec.csproj", "{14DE3DAC-E7C6-4DF1-976A-E13014FD351B}"
EndProject
Global
	GlobalSection(SolutionConfigurationPlatforms) = preSolution
		Debug|Any CPU = Debug|Any CPU
		Release|Any CPU = Release|Any CPU
	EndGlobalSection
	GlobalSection(ProjectConfigurationPlatforms) = postSolution
		{55C29F78-6C92-4D16-95F7-DCD9C0C70CDD}.Debug|Any CPU.ActiveCfg = Debug|Any CPU
		{55C29F78-6C92-4D16-95F7-DCD9C0C70CDD}.Debug|Any CPU.Build.0 = Debug|Any CPU
		{55C29F78-6C92-4D16-95F7-DCD9C0C70CDD}.Release|Any CPU.ActiveCfg = Release|Any CPU
		{55C29F78-6C92-4D16-95F7-DCD9C0C70CDD}.Release|Any CPU.Build.0 = Release|Any CPU
		{147F49A2-C368-4C1C-919E-D64170B9BA97}.Debug|Any CPU.ActiveCfg = Debug|Any CPU
		{147F49A2-C368-4C1C-919E-D64170B9BA97}.Debug|Any CPU.Build.0 = Debug|Any CPU
		{147F49A2-C368-4C1C-919E-D64170B9BA97}.Release|Any CPU.ActiveCfg = Release|Any CPU
		{147F49A2-C368-4C1C-919E-D64170B9BA97}.Release|Any CPU.Build.0 = Release|Any CPU
		{6AE3AFE5-1AD1-40EF-B24B-40FB5C2543F6}.Debug|Any CPU.ActiveCfg = Debug|Any CPU
		{6AE3AFE5-1AD1-40EF-B24B-40FB5C2543F6}.Debug|Any CPU.Build.0 = Debug|Any CPU
		{6AE3AFE5-1AD1-40EF-B24B-40FB5C2543F6}.Release|Any CPU.ActiveCfg = Release|Any CPU
		{6AE3AFE5-1AD1-40EF-B24B-40FB5C2543F6}.Release|Any CPU.Build.0 = Release|Any CPU
		{58DD69AF-86E7-4FAA-9172-96418C2687DC}.Debug|Any CPU.ActiveCfg = Debug|Any CPU
		{58DD69AF-86E7-4FAA-9172-96418C2687DC}.Debug|Any CPU.Build.0 = Debug|Any CPU
		{58DD69AF-86E7-4FAA-9172-96418C2687DC}.Release|Any CPU.ActiveCfg = Release|Any CPU
		{58DD69AF-86E7-4FAA-9172-96418C2687DC}.Release|Any CPU.Build.0 = Release|Any CPU
		{14DE3DAC-E7C6-4DF1-976A-E13014FD351B}.Debug|Any CPU.ActiveCfg = Debug|Any CPU
		{14DE3DAC-E7C6-4DF1-976A-E13014FD351B}.Debug|Any CPU.Build.0 = Debug|Any CPU
		{14DE3DAC-E7C6-4DF1-976A-E13014FD351B}.Release|Any CPU.ActiveCfg = Release|Any CPU
		{14DE3DAC-E7C6-4DF1-976A-E13014FD351B}.Release|Any CPU.Build.0 = Release|Any CPU
	EndGlobalSection
	GlobalSection(SolutionProperties) = preSolution
		HideSolutionNode = FALSE
	EndGlobalSection
	GlobalSection(ExtensibilityGlobals) = postSolution
		SolutionGuid = {B6AB3FC2-2485-4898-81E5-50505E75C123}
	EndGlobalSection
EndGlobal
